
Microsoft Visual Studio Solution File, Format Version 11.00
# Visual Studio 2010
Project("{FAE04EC0-301F-11D3-BF4B-00C04F79EFBC}") = "Assembly-CSharp", "Assembly-CSharp.csproj", "{F596B759-29FE-8B2C-A7CD-C9E9E9DE7F4E}"
EndProject
Global
	GlobalSection(SolutionConfigurationPlatforms) = preSolution
		Debug|Any CPU = Debug|Any CPU
		Release|Any CPU = Release|Any CPU
	EndGlobalSection
	GlobalSection(ProjectConfigurationPlatforms) = postSolution
		{F596B759-29FE-8B2C-A7CD-C9E9E9DE7F4E}.Debug|Any CPU.ActiveCfg = Debug|Any CPU
		{F596B759-29FE-8B2C-A7CD-C9E9E9DE7F4E}.Debug|Any CPU.Build.0 = Debug|Any CPU
		{F596B759-29FE-8B2C-A7CD-C9E9E9DE7F4E}.Release|Any CPU.ActiveCfg = Release|Any CPU
		{F596B759-29FE-8B2C-A7CD-C9E9E9DE7F4E}.Release|Any CPU.Build.0 = Release|Any CPU
	EndGlobalSection
	GlobalSection(SolutionProperties) = preSolution
		HideSolutionNode = FALSE
	EndGlobalSection
EndGlobal
